// !$*UTF8*$!
{
	archiveVersion = 1;
	classes = {
	};
	objectVersion = 56;
	objects = {

/* Begin PBXBuildFile section */
		19935A722C58CC4A003D9543 /* LocationDetailView.swift in Sources */ = {isa = PBXBuildFile; fileRef = 19935A712C58CC4A003D9543 /* LocationDetailView.swift */; };
		19935A752C58E482003D9543 /* AvatarView.swift in Sources */ = {isa = PBXBuildFile; fileRef = 19935A742C58E482003D9543 /* AvatarView.swift */; };
		19935A782C58E4A2003D9543 /* LocationCell.swift in Sources */ = {isa = PBXBuildFile; fileRef = 19935A772C58E4A2003D9543 /* LocationCell.swift */; };
		19935A7B2C58EEBA003D9543 /* CustomModifiers.swift in Sources */ = {isa = PBXBuildFile; fileRef = 19935A7A2C58EEBA003D9543 /* CustomModifiers.swift */; };
		19935A7D2C58EF84003D9543 /* View+Ext.swift in Sources */ = {isa = PBXBuildFile; fileRef = 19935A7C2C58EF84003D9543 /* View+Ext.swift */; };
		19935A7F2C58F0BB003D9543 /* DDGButton.swift in Sources */ = {isa = PBXBuildFile; fileRef = 19935A7E2C58F0BB003D9543 /* DDGButton.swift */; };
		19935A832C5B0827003D9543 /* DDGLocation.swift in Sources */ = {isa = PBXBuildFile; fileRef = 19935A822C5B0827003D9543 /* DDGLocation.swift */; };
		19935A852C5B0B5C003D9543 /* DDGProfile.swift in Sources */ = {isa = PBXBuildFile; fileRef = 19935A842C5B0B5C003D9543 /* DDGProfile.swift */; };
		19935A872C5B0B7C003D9543 /* MockData.swift in Sources */ = {isa = PBXBuildFile; fileRef = 19935A862C5B0B7C003D9543 /* MockData.swift */; };
		19935A8A2C5B1942003D9543 /* CloudKitManager.swift in Sources */ = {isa = PBXBuildFile; fileRef = 19935A892C5B1942003D9543 /* CloudKitManager.swift */; };
		19935A8C2C5B1A97003D9543 /* Constants.swift in Sources */ = {isa = PBXBuildFile; fileRef = 19935A8B2C5B1A97003D9543 /* Constants.swift */; };
		19935A8E2C5B20C8003D9543 /* CKRecord+Ext.swift in Sources */ = {isa = PBXBuildFile; fileRef = 19935A8D2C5B20C8003D9543 /* CKRecord+Ext.swift */; };
		19935A902C5B3D54003D9543 /* AlertItem.swift in Sources */ = {isa = PBXBuildFile; fileRef = 19935A8F2C5B3D54003D9543 /* AlertItem.swift */; };
		19935A932C5B42BC003D9543 /* LocationMapViewModel.swift in Sources */ = {isa = PBXBuildFile; fileRef = 19935A922C5B42BC003D9543 /* LocationMapViewModel.swift */; };
		19935A962C5BF99A003D9543 /* LocationManager.swift in Sources */ = {isa = PBXBuildFile; fileRef = 19935A952C5BF99A003D9543 /* LocationManager.swift */; };
		19935A982C5C0137003D9543 /* CKAsset+Ext.swift in Sources */ = {isa = PBXBuildFile; fileRef = 19935A972C5C0137003D9543 /* CKAsset+Ext.swift */; };
		19935A9B2C5C2847003D9543 /* OnboardView.swift in Sources */ = {isa = PBXBuildFile; fileRef = 19935A9A2C5C2847003D9543 /* OnboardView.swift */; };
		19935A9D2C5C2B73003D9543 /* LogoView.swift in Sources */ = {isa = PBXBuildFile; fileRef = 19935A9C2C5C2B73003D9543 /* LogoView.swift */; };
		19935AA02C5C2D96003D9543 /* XDismissButton.swift in Sources */ = {isa = PBXBuildFile; fileRef = 19935A9F2C5C2D96003D9543 /* XDismissButton.swift */; };
		19935AA42C5C549B003D9543 /* PhotoPicker.swift in Sources */ = {isa = PBXBuildFile; fileRef = 19935AA32C5C549B003D9543 /* PhotoPicker.swift */; };
		19935AA62C5C6BAB003D9543 /* UIImage+Ext.swift in Sources */ = {isa = PBXBuildFile; fileRef = 19935AA52C5C6BAB003D9543 /* UIImage+Ext.swift */; };
		19935AA92C5C8D89003D9543 /* ProfileViewModel.swift in Sources */ = {isa = PBXBuildFile; fileRef = 19935AA82C5C8D89003D9543 /* ProfileViewModel.swift */; };
		19935AAB2C5CD94B003D9543 /* LoadingView.swift in Sources */ = {isa = PBXBuildFile; fileRef = 19935AAA2C5CD94B003D9543 /* LoadingView.swift */; };
		19935AAE2C5D7D55003D9543 /* LocationDetailViewModel.swift in Sources */ = {isa = PBXBuildFile; fileRef = 19935AAD2C5D7D55003D9543 /* LocationDetailViewModel.swift */; };
		19935AB02C5D8A1A003D9543 /* ProfileModalView.swift in Sources */ = {isa = PBXBuildFile; fileRef = 19935AAF2C5D8A1A003D9543 /* ProfileModalView.swift */; };
		19935AB32C5F5085003D9543 /* LocationListViewModel.swift in Sources */ = {isa = PBXBuildFile; fileRef = 19935AB22C5F5085003D9543 /* LocationListViewModel.swift */; };
		19935AB62C5FEB7B003D9543 /* MapBalloon.swift in Sources */ = {isa = PBXBuildFile; fileRef = 19935AB52C5FEB7B003D9543 /* MapBalloon.swift */; };
		19935AB82C5FEF54003D9543 /* DDGAnnotation.swift in Sources */ = {isa = PBXBuildFile; fileRef = 19935AB72C5FEF54003D9543 /* DDGAnnotation.swift */; };
		19935ABB2C5FF3B1003D9543 /* AppTabViewModel.swift in Sources */ = {isa = PBXBuildFile; fileRef = 19935ABA2C5FF3B1003D9543 /* AppTabViewModel.swift */; };
		19F94C052C58ABA400599F54 /* SwiftGrubApp.swift in Sources */ = {isa = PBXBuildFile; fileRef = 19F94C042C58ABA400599F54 /* SwiftGrubApp.swift */; };
		19F94C092C58ABA500599F54 /* Assets.xcassets in Resources */ = {isa = PBXBuildFile; fileRef = 19F94C082C58ABA500599F54 /* Assets.xcassets */; };
		19F94C0C2C58ABA500599F54 /* Preview Assets.xcassets in Resources */ = {isa = PBXBuildFile; fileRef = 19F94C0B2C58ABA500599F54 /* Preview Assets.xcassets */; };
		19F94C152C58ABC500599F54 /* AppTabView.swift in Sources */ = {isa = PBXBuildFile; fileRef = 19F94C142C58ABC500599F54 /* AppTabView.swift */; };
		19F94C1A2C58AC0C00599F54 /* LocationMapView.swift in Sources */ = {isa = PBXBuildFile; fileRef = 19F94C192C58AC0C00599F54 /* LocationMapView.swift */; };
		19F94C1C2C58AC3F00599F54 /* LocationListView.swift in Sources */ = {isa = PBXBuildFile; fileRef = 19F94C1B2C58AC3F00599F54 /* LocationListView.swift */; };
		19F94C1E2C58AC5600599F54 /* ProfileView.swift in Sources */ = {isa = PBXBuildFile; fileRef = 19F94C1D2C58AC5600599F54 /* ProfileView.swift */; };
		19F94C212C58AD4700599F54 /* Color+Ext.swift in Sources */ = {isa = PBXBuildFile; fileRef = 19F94C202C58AD4700599F54 /* Color+Ext.swift */; };
/* End PBXBuildFile section */

/* Begin PBXFileReference section */
		19935A712C58CC4A003D9543 /* LocationDetailView.swift */ = {isa = PBXFileReference; lastKnownFileType = sourcecode.swift; path = LocationDetailView.swift; sourceTree = "<group>"; };
		19935A742C58E482003D9543 /* AvatarView.swift */ = {isa = PBXFileReference; lastKnownFileType = sourcecode.swift; path = AvatarView.swift; sourceTree = "<group>"; };
		19935A772C58E4A2003D9543 /* LocationCell.swift */ = {isa = PBXFileReference; lastKnownFileType = sourcecode.swift; path = LocationCell.swift; sourceTree = "<group>"; };
		19935A7A2C58EEBA003D9543 /* CustomModifiers.swift */ = {isa = PBXFileReference; lastKnownFileType = sourcecode.swift; path = CustomModifiers.swift; sourceTree = "<group>"; };
		19935A7C2C58EF84003D9543 /* View+Ext.swift */ = {isa = PBXFileReference; lastKnownFileType = sourcecode.swift; path = "View+Ext.swift"; sourceTree = "<group>"; };
		19935A7E2C58F0BB003D9543 /* DDGButton.swift */ = {isa = PBXFileReference; lastKnownFileType = sourcecode.swift; path = DDGButton.swift; sourceTree = "<group>"; };
		19935A802C5AF671003D9543 /* SwiftGrub.entitlements */ = {isa = PBXFileReference; lastKnownFileType = text.plist.entitlements; path = SwiftGrub.entitlements; sourceTree = "<group>"; };
		19935A822C5B0827003D9543 /* DDGLocation.swift */ = {isa = PBXFileReference; lastKnownFileType = sourcecode.swift; path = DDGLocation.swift; sourceTree = "<group>"; };
		19935A842C5B0B5C003D9543 /* DDGProfile.swift */ = {isa = PBXFileReference; lastKnownFileType = sourcecode.swift; path = DDGProfile.swift; sourceTree = "<group>"; };
		19935A862C5B0B7C003D9543 /* MockData.swift */ = {isa = PBXFileReference; lastKnownFileType = sourcecode.swift; path = MockData.swift; sourceTree = "<group>"; };
		19935A892C5B1942003D9543 /* CloudKitManager.swift */ = {isa = PBXFileReference; lastKnownFileType = sourcecode.swift; path = CloudKitManager.swift; sourceTree = "<group>"; };
		19935A8B2C5B1A97003D9543 /* Constants.swift */ = {isa = PBXFileReference; lastKnownFileType = sourcecode.swift; path = Constants.swift; sourceTree = "<group>"; };
		19935A8D2C5B20C8003D9543 /* CKRecord+Ext.swift */ = {isa = PBXFileReference; lastKnownFileType = sourcecode.swift; path = "CKRecord+Ext.swift"; sourceTree = "<group>"; };
		19935A8F2C5B3D54003D9543 /* AlertItem.swift */ = {isa = PBXFileReference; lastKnownFileType = sourcecode.swift; path = AlertItem.swift; sourceTree = "<group>"; };
		19935A922C5B42BC003D9543 /* LocationMapViewModel.swift */ = {isa = PBXFileReference; lastKnownFileType = sourcecode.swift; path = LocationMapViewModel.swift; sourceTree = "<group>"; };
		19935A952C5BF99A003D9543 /* LocationManager.swift */ = {isa = PBXFileReference; lastKnownFileType = sourcecode.swift; path = LocationManager.swift; sourceTree = "<group>"; };
		19935A972C5C0137003D9543 /* CKAsset+Ext.swift */ = {isa = PBXFileReference; lastKnownFileType = sourcecode.swift; path = "CKAsset+Ext.swift"; sourceTree = "<group>"; };
		19935A9A2C5C2847003D9543 /* OnboardView.swift */ = {isa = PBXFileReference; lastKnownFileType = sourcecode.swift; path = OnboardView.swift; sourceTree = "<group>"; };
		19935A9C2C5C2B73003D9543 /* LogoView.swift */ = {isa = PBXFileReference; lastKnownFileType = sourcecode.swift; path = LogoView.swift; sourceTree = "<group>"; };
		19935A9F2C5C2D96003D9543 /* XDismissButton.swift */ = {isa = PBXFileReference; lastKnownFileType = sourcecode.swift; path = XDismissButton.swift; sourceTree = "<group>"; };
		19935AA32C5C549B003D9543 /* PhotoPicker.swift */ = {isa = PBXFileReference; lastKnownFileType = sourcecode.swift; path = PhotoPicker.swift; sourceTree = "<group>"; };
		19935AA52C5C6BAB003D9543 /* UIImage+Ext.swift */ = {isa = PBXFileReference; lastKnownFileType = sourcecode.swift; path = "UIImage+Ext.swift"; sourceTree = "<group>"; };
		19935AA82C5C8D89003D9543 /* ProfileViewModel.swift */ = {isa = PBXFileReference; lastKnownFileType = sourcecode.swift; path = ProfileViewModel.swift; sourceTree = "<group>"; };
		19935AAA2C5CD94B003D9543 /* LoadingView.swift */ = {isa = PBXFileReference; lastKnownFileType = sourcecode.swift; path = LoadingView.swift; sourceTree = "<group>"; };
		19935AAD2C5D7D55003D9543 /* LocationDetailViewModel.swift */ = {isa = PBXFileReference; lastKnownFileType = sourcecode.swift; path = LocationDetailViewModel.swift; sourceTree = "<group>"; };
		19935AAF2C5D8A1A003D9543 /* ProfileModalView.swift */ = {isa = PBXFileReference; lastKnownFileType = sourcecode.swift; path = ProfileModalView.swift; sourceTree = "<group>"; };
		19935AB22C5F5085003D9543 /* LocationListViewModel.swift */ = {isa = PBXFileReference; lastKnownFileType = sourcecode.swift; path = LocationListViewModel.swift; sourceTree = "<group>"; };
		19935AB52C5FEB7B003D9543 /* MapBalloon.swift */ = {isa = PBXFileReference; lastKnownFileType = sourcecode.swift; path = MapBalloon.swift; sourceTree = "<group>"; };
		19935AB72C5FEF54003D9543 /* DDGAnnotation.swift */ = {isa = PBXFileReference; lastKnownFileType = sourcecode.swift; path = DDGAnnotation.swift; sourceTree = "<group>"; };
		19935ABA2C5FF3B1003D9543 /* AppTabViewModel.swift */ = {isa = PBXFileReference; lastKnownFileType = sourcecode.swift; path = AppTabViewModel.swift; sourceTree = "<group>"; };
		19F94C012C58ABA400599F54 /* SwiftGrub.app */ = {isa = PBXFileReference; explicitFileType = wrapper.application; includeInIndex = 0; path = SwiftGrub.app; sourceTree = BUILT_PRODUCTS_DIR; };
		19F94C042C58ABA400599F54 /* SwiftGrubApp.swift */ = {isa = PBXFileReference; lastKnownFileType = sourcecode.swift; path = SwiftGrubApp.swift; sourceTree = "<group>"; };
		19F94C082C58ABA500599F54 /* Assets.xcassets */ = {isa = PBXFileReference; lastKnownFileType = folder.assetcatalog; path = Assets.xcassets; sourceTree = "<group>"; };
		19F94C0B2C58ABA500599F54 /* Preview Assets.xcassets */ = {isa = PBXFileReference; lastKnownFileType = folder.assetcatalog; path = "Preview Assets.xcassets"; sourceTree = "<group>"; };
		19F94C142C58ABC500599F54 /* AppTabView.swift */ = {isa = PBXFileReference; lastKnownFileType = sourcecode.swift; path = AppTabView.swift; sourceTree = "<group>"; };
		19F94C192C58AC0C00599F54 /* LocationMapView.swift */ = {isa = PBXFileReference; lastKnownFileType = sourcecode.swift; path = LocationMapView.swift; sourceTree = "<group>"; };
		19F94C1B2C58AC3F00599F54 /* LocationListView.swift */ = {isa = PBXFileReference; lastKnownFileType = sourcecode.swift; path = LocationListView.swift; sourceTree = "<group>"; };
		19F94C1D2C58AC5600599F54 /* ProfileView.swift */ = {isa = PBXFileReference; lastKnownFileType = sourcecode.swift; path = ProfileView.swift; sourceTree = "<group>"; };
		19F94C202C58AD4700599F54 /* Color+Ext.swift */ = {isa = PBXFileReference; lastKnownFileType = sourcecode.swift; path = "Color+Ext.swift"; sourceTree = "<group>"; };
/* End PBXFileReference section */

/* Begin PBXFrameworksBuildPhase section */
		19F94BFE2C58ABA400599F54 /* Frameworks */ = {
			isa = PBXFrameworksBuildPhase;
			buildActionMask = 2147483647;
			files = (
			);
			runOnlyForDeploymentPostprocessing = 0;
		};
/* End PBXFrameworksBuildPhase section */

/* Begin PBXGroup section */
		19935A732C58E459003D9543 /* CustomViews */ = {
			isa = PBXGroup;
			children = (
				19935AB42C5FEB59003D9543 /* Map Annotation */,
				19935AA22C5C5472003D9543 /* UIKit Components */,
				19935A9E2C5C2D83003D9543 /* Buttons */,
				19935A742C58E482003D9543 /* AvatarView.swift */,
				19935A9C2C5C2B73003D9543 /* LogoView.swift */,
				19935AAA2C5CD94B003D9543 /* LoadingView.swift */,
			);
			path = CustomViews;
			sourceTree = "<group>";
		};
		19935A792C58E702003D9543 /* Screens */ = {
			isa = PBXGroup;
			children = (
				19935AB92C5FF390003D9543 /* AppTabVIew */,
				19935A912C5B42A3003D9543 /* LocationMapView */,
				19935AB12C5F503E003D9543 /* LocationListView */,
				19935AAC2C5D7D34003D9543 /* LocationDetailView */,
				19935AA12C5C52F8003D9543 /* ProfileView */,
				19935A9A2C5C2847003D9543 /* OnboardView.swift */,
			);
			path = Screens;
			sourceTree = "<group>";
		};
		19935A812C5B0817003D9543 /* Models */ = {
			isa = PBXGroup;
			children = (
				19935A822C5B0827003D9543 /* DDGLocation.swift */,
				19935A842C5B0B5C003D9543 /* DDGProfile.swift */,
				19935A862C5B0B7C003D9543 /* MockData.swift */,
			);
			path = Models;
			sourceTree = "<group>";
		};
		19935A882C5B1906003D9543 /* Utilities */ = {
			isa = PBXGroup;
			children = (
				19F94C1F2C58AD3400599F54 /* Extensions */,
				19935A942C5BF981003D9543 /* Managers */,
				19935A8B2C5B1A97003D9543 /* Constants.swift */,
				19935A8F2C5B3D54003D9543 /* AlertItem.swift */,
			);
			path = Utilities;
			sourceTree = "<group>";
		};
		19935A912C5B42A3003D9543 /* LocationMapView */ = {
			isa = PBXGroup;
			children = (
				19F94C192C58AC0C00599F54 /* LocationMapView.swift */,
				19935A922C5B42BC003D9543 /* LocationMapViewModel.swift */,
			);
			path = LocationMapView;
			sourceTree = "<group>";
		};
		19935A942C5BF981003D9543 /* Managers */ = {
			isa = PBXGroup;
			children = (
				19935A892C5B1942003D9543 /* CloudKitManager.swift */,
				19935A952C5BF99A003D9543 /* LocationManager.swift */,
			);
			path = Managers;
			sourceTree = "<group>";
		};
		19935A9E2C5C2D83003D9543 /* Buttons */ = {
			isa = PBXGroup;
			children = (
				19935A7E2C58F0BB003D9543 /* DDGButton.swift */,
				19935A9F2C5C2D96003D9543 /* XDismissButton.swift */,
			);
			path = Buttons;
			sourceTree = "<group>";
		};
		19935AA12C5C52F8003D9543 /* ProfileView */ = {
			isa = PBXGroup;
			children = (
				19F94C1D2C58AC5600599F54 /* ProfileView.swift */,
				19935AA82C5C8D89003D9543 /* ProfileViewModel.swift */,
			);
			path = ProfileView;
			sourceTree = "<group>";
		};
		19935AA22C5C5472003D9543 /* UIKit Components */ = {
			isa = PBXGroup;
			children = (
				19935AA32C5C549B003D9543 /* PhotoPicker.swift */,
			);
			path = "UIKit Components";
			sourceTree = "<group>";
		};
		19935AAC2C5D7D34003D9543 /* LocationDetailView */ = {
			isa = PBXGroup;
			children = (
				19935A712C58CC4A003D9543 /* LocationDetailView.swift */,
				19935AAD2C5D7D55003D9543 /* LocationDetailViewModel.swift */,
				19935AAF2C5D8A1A003D9543 /* ProfileModalView.swift */,
			);
			path = LocationDetailView;
			sourceTree = "<group>";
		};
		19935AB12C5F503E003D9543 /* LocationListView */ = {
			isa = PBXGroup;
			children = (
				19F94C1B2C58AC3F00599F54 /* LocationListView.swift */,
				19935AB22C5F5085003D9543 /* LocationListViewModel.swift */,
				19935A772C58E4A2003D9543 /* LocationCell.swift */,
			);
			path = LocationListView;
			sourceTree = "<group>";
		};
		19935AB42C5FEB59003D9543 /* Map Annotation */ = {
			isa = PBXGroup;
			children = (
				19935AB52C5FEB7B003D9543 /* MapBalloon.swift */,
				19935AB72C5FEF54003D9543 /* DDGAnnotation.swift */,
			);
			path = "Map Annotation";
			sourceTree = "<group>";
		};
		19935AB92C5FF390003D9543 /* AppTabVIew */ = {
			isa = PBXGroup;
			children = (
				19F94C142C58ABC500599F54 /* AppTabView.swift */,
				19935ABA2C5FF3B1003D9543 /* AppTabViewModel.swift */,
			);
			path = AppTabVIew;
			sourceTree = "<group>";
		};
		19F94BF82C58ABA400599F54 = {
			isa = PBXGroup;
			children = (
				19F94C032C58ABA400599F54 /* SwiftGrub */,
				19F94C022C58ABA400599F54 /* Products */,
			);
			sourceTree = "<group>";
		};
		19F94C022C58ABA400599F54 /* Products */ = {
			isa = PBXGroup;
			children = (
				19F94C012C58ABA400599F54 /* SwiftGrub.app */,
			);
			name = Products;
			sourceTree = "<group>";
		};
		19F94C032C58ABA400599F54 /* SwiftGrub */ = {
			isa = PBXGroup;
			children = (
				19935A882C5B1906003D9543 /* Utilities */,
				19935A812C5B0817003D9543 /* Models */,
				19F94C122C58ABB400599F54 /* Views */,
				19935A802C5AF671003D9543 /* SwiftGrub.entitlements */,
				19F94C042C58ABA400599F54 /* SwiftGrubApp.swift */,
				19F94C082C58ABA500599F54 /* Assets.xcassets */,
				19F94C0A2C58ABA500599F54 /* Preview Content */,
			);
			path = SwiftGrub;
			sourceTree = "<group>";
		};
		19F94C0A2C58ABA500599F54 /* Preview Content */ = {
			isa = PBXGroup;
			children = (
				19F94C0B2C58ABA500599F54 /* Preview Assets.xcassets */,
			);
			path = "Preview Content";
			sourceTree = "<group>";
		};
		19F94C122C58ABB400599F54 /* Views */ = {
			isa = PBXGroup;
			children = (
				19935A7A2C58EEBA003D9543 /* CustomModifiers.swift */,
				19935A732C58E459003D9543 /* CustomViews */,
				19935A792C58E702003D9543 /* Screens */,
			);
			path = Views;
			sourceTree = "<group>";
		};
		19F94C1F2C58AD3400599F54 /* Extensions */ = {
			isa = PBXGroup;
			children = (
				19F94C202C58AD4700599F54 /* Color+Ext.swift */,
				19935A7C2C58EF84003D9543 /* View+Ext.swift */,
				19935A8D2C5B20C8003D9543 /* CKRecord+Ext.swift */,
				19935A972C5C0137003D9543 /* CKAsset+Ext.swift */,
				19935AA52C5C6BAB003D9543 /* UIImage+Ext.swift */,
			);
			path = Extensions;
			sourceTree = "<group>";
		};
/* End PBXGroup section */

/* Begin PBXNativeTarget section */
		19F94C002C58ABA400599F54 /* SwiftGrub */ = {
			isa = PBXNativeTarget;
			buildConfigurationList = 19F94C0F2C58ABA500599F54 /* Build configuration list for PBXNativeTarget "SwiftGrub" */;
			buildPhases = (
				19F94BFD2C58ABA400599F54 /* Sources */,
				19F94BFE2C58ABA400599F54 /* Frameworks */,
				19F94BFF2C58ABA400599F54 /* Resources */,
			);
			buildRules = (
			);
			dependencies = (
			);
			name = SwiftGrub;
			productName = SwiftGrub;
			productReference = 19F94C012C58ABA400599F54 /* SwiftGrub.app */;
			productType = "com.apple.product-type.application";
		};
/* End PBXNativeTarget section */

/* Begin PBXProject section */
		19F94BF92C58ABA400599F54 /* Project object */ = {
			isa = PBXProject;
			attributes = {
				BuildIndependentTargetsInParallel = 1;
				LastSwiftUpdateCheck = 1540;
				LastUpgradeCheck = 1540;
				TargetAttributes = {
					19F94C002C58ABA400599F54 = {
						CreatedOnToolsVersion = 15.4;
					};
				};
			};
			buildConfigurationList = 19F94BFC2C58ABA400599F54 /* Build configuration list for PBXProject "SwiftGrub" */;
			compatibilityVersion = "Xcode 14.0";
			developmentRegion = en;
			hasScannedForEncodings = 0;
			knownRegions = (
				en,
				Base,
			);
			mainGroup = 19F94BF82C58ABA400599F54;
			productRefGroup = 19F94C022C58ABA400599F54 /* Products */;
			projectDirPath = "";
			projectRoot = "";
			targets = (
				19F94C002C58ABA400599F54 /* SwiftGrub */,
			);
		};
/* End PBXProject section */

/* Begin PBXResourcesBuildPhase section */
		19F94BFF2C58ABA400599F54 /* Resources */ = {
			isa = PBXResourcesBuildPhase;
			buildActionMask = 2147483647;
			files = (
				19F94C0C2C58ABA500599F54 /* Preview Assets.xcassets in Resources */,
				19F94C092C58ABA500599F54 /* Assets.xcassets in Resources */,
			);
			runOnlyForDeploymentPostprocessing = 0;
		};
/* End PBXResourcesBuildPhase section */

/* Begin PBXSourcesBuildPhase section */
		19F94BFD2C58ABA400599F54 /* Sources */ = {
			isa = PBXSourcesBuildPhase;
			buildActionMask = 2147483647;
			files = (
				19F94C152C58ABC500599F54 /* AppTabView.swift in Sources */,
				19935A8C2C5B1A97003D9543 /* Constants.swift in Sources */,
				19935A7B2C58EEBA003D9543 /* CustomModifiers.swift in Sources */,
				19F94C1C2C58AC3F00599F54 /* LocationListView.swift in Sources */,
				19935AAE2C5D7D55003D9543 /* LocationDetailViewModel.swift in Sources */,
				19935A932C5B42BC003D9543 /* LocationMapViewModel.swift in Sources */,
				19F94C212C58AD4700599F54 /* Color+Ext.swift in Sources */,
				19935AA92C5C8D89003D9543 /* ProfileViewModel.swift in Sources */,
				19935A872C5B0B7C003D9543 /* MockData.swift in Sources */,
				19935A722C58CC4A003D9543 /* LocationDetailView.swift in Sources */,
				19935A852C5B0B5C003D9543 /* DDGProfile.swift in Sources */,
				19935ABB2C5FF3B1003D9543 /* AppTabViewModel.swift in Sources */,
				19935A832C5B0827003D9543 /* DDGLocation.swift in Sources */,
				19935AA42C5C549B003D9543 /* PhotoPicker.swift in Sources */,
				19F94C1A2C58AC0C00599F54 /* LocationMapView.swift in Sources */,
				19935A752C58E482003D9543 /* AvatarView.swift in Sources */,
				19935A8A2C5B1942003D9543 /* CloudKitManager.swift in Sources */,
				19935A9D2C5C2B73003D9543 /* LogoView.swift in Sources */,
				19935AA02C5C2D96003D9543 /* XDismissButton.swift in Sources */,
				19935A902C5B3D54003D9543 /* AlertItem.swift in Sources */,
				19935A7D2C58EF84003D9543 /* View+Ext.swift in Sources */,
				19935A782C58E4A2003D9543 /* LocationCell.swift in Sources */,
				19935AB02C5D8A1A003D9543 /* ProfileModalView.swift in Sources */,
				19935AB82C5FEF54003D9543 /* DDGAnnotation.swift in Sources */,
				19935A8E2C5B20C8003D9543 /* CKRecord+Ext.swift in Sources */,
				19935AB32C5F5085003D9543 /* LocationListViewModel.swift in Sources */,
				19935A962C5BF99A003D9543 /* LocationManager.swift in Sources */,
				19935A982C5C0137003D9543 /* CKAsset+Ext.swift in Sources */,
				19935A9B2C5C2847003D9543 /* OnboardView.swift in Sources */,
				19935AB62C5FEB7B003D9543 /* MapBalloon.swift in Sources */,
				19935A7F2C58F0BB003D9543 /* DDGButton.swift in Sources */,
				19935AAB2C5CD94B003D9543 /* LoadingView.swift in Sources */,
				19935AA62C5C6BAB003D9543 /* UIImage+Ext.swift in Sources */,
				19F94C1E2C58AC5600599F54 /* ProfileView.swift in Sources */,
				19F94C052C58ABA400599F54 /* SwiftGrubApp.swift in Sources */,
			);
			runOnlyForDeploymentPostprocessing = 0;
		};
/* End PBXSourcesBuildPhase section */

/* Begin XCBuildConfiguration section */
		19F94C0D2C58ABA500599F54 /* Debug */ = {
			isa = XCBuildConfiguration;
			buildSettings = {
				ALWAYS_SEARCH_USER_PATHS = NO;
				ASSETCATALOG_COMPILER_GENERATE_SWIFT_ASSET_SYMBOL_EXTENSIONS = YES;
				CLANG_ANALYZER_NONNULL = YES;
				CLANG_ANALYZER_NUMBER_OBJECT_CONVERSION = YES_AGGRESSIVE;
				CLANG_CXX_LANGUAGE_STANDARD = "gnu++20";
				CLANG_ENABLE_MODULES = YES;
				CLANG_ENABLE_OBJC_ARC = YES;
				CLANG_ENABLE_OBJC_WEAK = YES;
				CLANG_WARN_BLOCK_CAPTURE_AUTORELEASING = YES;
				CLANG_WARN_BOOL_CONVERSION = YES;
				CLANG_WARN_COMMA = YES;
				CLANG_WARN_CONSTANT_CONVERSION = YES;
				CLANG_WARN_DEPRECATED_OBJC_IMPLEMENTATIONS = YES;
				CLANG_WARN_DIRECT_OBJC_ISA_USAGE = YES_ERROR;
				CLANG_WARN_DOCUMENTATION_COMMENTS = YES;
				CLANG_WARN_EMPTY_BODY = YES;
				CLANG_WARN_ENUM_CONVERSION = YES;
				CLANG_WARN_INFINITE_RECURSION = YES;
				CLANG_WARN_INT_CONVERSION = YES;
				CLANG_WARN_NON_LITERAL_NULL_CONVERSION = YES;
				CLANG_WARN_OBJC_IMPLICIT_RETAIN_SELF = YES;
				CLANG_WARN_OBJC_LITERAL_CONVERSION = YES;
				CLANG_WARN_OBJC_ROOT_CLASS = YES_ERROR;
				CLANG_WARN_QUOTED_INCLUDE_IN_FRAMEWORK_HEADER = YES;
				CLANG_WARN_RANGE_LOOP_ANALYSIS = YES;
				CLANG_WARN_STRICT_PROTOTYPES = YES;
				CLANG_WARN_SUSPICIOUS_MOVE = YES;
				CLANG_WARN_UNGUARDED_AVAILABILITY = YES_AGGRESSIVE;
				CLANG_WARN_UNREACHABLE_CODE = YES;
				CLANG_WARN__DUPLICATE_METHOD_MATCH = YES;
				COPY_PHASE_STRIP = NO;
				DEBUG_INFORMATION_FORMAT = dwarf;
				ENABLE_STRICT_OBJC_MSGSEND = YES;
				ENABLE_TESTABILITY = YES;
				ENABLE_USER_SCRIPT_SANDBOXING = YES;
				GCC_C_LANGUAGE_STANDARD = gnu17;
				GCC_DYNAMIC_NO_PIC = NO;
				GCC_NO_COMMON_BLOCKS = YES;
				GCC_OPTIMIZATION_LEVEL = 0;
				GCC_PREPROCESSOR_DEFINITIONS = (
					"DEBUG=1",
					"$(inherited)",
				);
				GCC_WARN_64_TO_32_BIT_CONVERSION = YES;
				GCC_WARN_ABOUT_RETURN_TYPE = YES_ERROR;
				GCC_WARN_UNDECLARED_SELECTOR = YES;
				GCC_WARN_UNINITIALIZED_AUTOS = YES_AGGRESSIVE;
				GCC_WARN_UNUSED_FUNCTION = YES;
				GCC_WARN_UNUSED_VARIABLE = YES;
				IPHONEOS_DEPLOYMENT_TARGET = 17.5;
				LOCALIZATION_PREFERS_STRING_CATALOGS = YES;
				MTL_ENABLE_DEBUG_INFO = INCLUDE_SOURCE;
				MTL_FAST_MATH = YES;
				ONLY_ACTIVE_ARCH = YES;
				SDKROOT = iphoneos;
				SWIFT_ACTIVE_COMPILATION_CONDITIONS = "DEBUG $(inherited)";
				SWIFT_OPTIMIZATION_LEVEL = "-Onone";
			};
			name = Debug;
		};
		19F94C0E2C58ABA500599F54 /* Release */ = {
			isa = XCBuildConfiguration;
			buildSettings = {
				ALWAYS_SEARCH_USER_PATHS = NO;
				ASSETCATALOG_COMPILER_GENERATE_SWIFT_ASSET_SYMBOL_EXTENSIONS = YES;
				CLANG_ANALYZER_NONNULL = YES;
				CLANG_ANALYZER_NUMBER_OBJECT_CONVERSION = YES_AGGRESSIVE;
				CLANG_CXX_LANGUAGE_STANDARD = "gnu++20";
				CLANG_ENABLE_MODULES = YES;
				CLANG_ENABLE_OBJC_ARC = YES;
				CLANG_ENABLE_OBJC_WEAK = YES;
				CLANG_WARN_BLOCK_CAPTURE_AUTORELEASING = YES;
				CLANG_WARN_BOOL_CONVERSION = YES;
				CLANG_WARN_COMMA = YES;
				CLANG_WARN_CONSTANT_CONVERSION = YES;
				CLANG_WARN_DEPRECATED_OBJC_IMPLEMENTATIONS = YES;
				CLANG_WARN_DIRECT_OBJC_ISA_USAGE = YES_ERROR;
				CLANG_WARN_DOCUMENTATION_COMMENTS = YES;
				CLANG_WARN_EMPTY_BODY = YES;
				CLANG_WARN_ENUM_CONVERSION = YES;
				CLANG_WARN_INFINITE_RECURSION = YES;
				CLANG_WARN_INT_CONVERSION = YES;
				CLANG_WARN_NON_LITERAL_NULL_CONVERSION = YES;
				CLANG_WARN_OBJC_IMPLICIT_RETAIN_SELF = YES;
				CLANG_WARN_OBJC_LITERAL_CONVERSION = YES;
				CLANG_WARN_OBJC_ROOT_CLASS = YES_ERROR;
				CLANG_WARN_QUOTED_INCLUDE_IN_FRAMEWORK_HEADER = YES;
				CLANG_WARN_RANGE_LOOP_ANALYSIS = YES;
				CLANG_WARN_STRICT_PROTOTYPES = YES;
				CLANG_WARN_SUSPICIOUS_MOVE = YES;
				CLANG_WARN_UNGUARDED_AVAILABILITY = YES_AGGRESSIVE;
				CLANG_WARN_UNREACHABLE_CODE = YES;
				CLANG_WARN__DUPLICATE_METHOD_MATCH = YES;
				COPY_PHASE_STRIP = NO;
				DEBUG_INFORMATION_FORMAT = "dwarf-with-dsym";
				ENABLE_NS_ASSERTIONS = NO;
				ENABLE_STRICT_OBJC_MSGSEND = YES;
				ENABLE_USER_SCRIPT_SANDBOXING = YES;
				GCC_C_LANGUAGE_STANDARD = gnu17;
				GCC_NO_COMMON_BLOCKS = YES;
				GCC_WARN_64_TO_32_BIT_CONVERSION = YES;
				GCC_WARN_ABOUT_RETURN_TYPE = YES_ERROR;
				GCC_WARN_UNDECLARED_SELECTOR = YES;
				GCC_WARN_UNINITIALIZED_AUTOS = YES_AGGRESSIVE;
				GCC_WARN_UNUSED_FUNCTION = YES;
				GCC_WARN_UNUSED_VARIABLE = YES;
				IPHONEOS_DEPLOYMENT_TARGET = 17.5;
				LOCALIZATION_PREFERS_STRING_CATALOGS = YES;
				MTL_ENABLE_DEBUG_INFO = NO;
				MTL_FAST_MATH = YES;
				SDKROOT = iphoneos;
				SWIFT_COMPILATION_MODE = wholemodule;
				VALIDATE_PRODUCT = YES;
			};
			name = Release;
		};
		19F94C102C58ABA500599F54 /* Debug */ = {
			isa = XCBuildConfiguration;
			buildSettings = {
				ASSETCATALOG_COMPILER_APPICON_NAME = AppIcon;
				ASSETCATALOG_COMPILER_GLOBAL_ACCENT_COLOR_NAME = AccentColor;
				CODE_SIGN_ENTITLEMENTS = SwiftGrub/SwiftGrub.entitlements;
				CODE_SIGN_STYLE = Automatic;
				CURRENT_PROJECT_VERSION = 1;
				DEVELOPMENT_ASSET_PATHS = "\"SwiftGrub/Preview Content\"";
				DEVELOPMENT_TEAM = Q6Y7PWWKUM;
				ENABLE_PREVIEWS = YES;
				GENERATE_INFOPLIST_FILE = YES;
				INFOPLIST_FILE = SwiftGrub/Info.plist;
				INFOPLIST_KEY_NSLocationWhenInUseUsageDescription = "Dub DUb Grub uses your location to show you where you are in relation to your friends and food.";
				INFOPLIST_KEY_UIApplicationSceneManifest_Generation = YES;
				INFOPLIST_KEY_UIApplicationSupportsIndirectInputEvents = YES;
				INFOPLIST_KEY_UILaunchScreen_Generation = YES;
				INFOPLIST_KEY_UISupportedInterfaceOrientations_iPad = "UIInterfaceOrientationPortrait UIInterfaceOrientationPortraitUpsideDown UIInterfaceOrientationLandscapeLeft UIInterfaceOrientationLandscapeRight";
				INFOPLIST_KEY_UISupportedInterfaceOrientations_iPhone = "UIInterfaceOrientationPortrait UIInterfaceOrientationLandscapeLeft UIInterfaceOrientationLandscapeRight";
				LD_RUNPATH_SEARCH_PATHS = (
					"$(inherited)",
					"@executable_path/Frameworks",
				);
				MARKETING_VERSION = 1.0;
				PRODUCT_BUNDLE_IDENTIFIER = "com.chi-apple.SwiftGrub";
				PRODUCT_NAME = "$(TARGET_NAME)";
				SWIFT_EMIT_LOC_STRINGS = YES;
				SWIFT_VERSION = 5.0;
				TARGETED_DEVICE_FAMILY = "1,2";
			};
			name = Debug;
		};
		19F94C112C58ABA500599F54 /* Release */ = {
			isa = XCBuildConfiguration;
			buildSettings = {
				ASSETCATALOG_COMPILER_APPICON_NAME = AppIcon;
				ASSETCATALOG_COMPILER_GLOBAL_ACCENT_COLOR_NAME = AccentColor;
				CODE_SIGN_ENTITLEMENTS = SwiftGrub/SwiftGrub.entitlements;
				CODE_SIGN_STYLE = Automatic;
				CURRENT_PROJECT_VERSION = 1;
				DEVELOPMENT_ASSET_PATHS = "\"SwiftGrub/Preview Content\"";
				DEVELOPMENT_TEAM = Q6Y7PWWKUM;
				ENABLE_PREVIEWS = YES;
				GENERATE_INFOPLIST_FILE = YES;
				INFOPLIST_FILE = SwiftGrub/Info.plist;
				INFOPLIST_KEY_NSLocationWhenInUseUsageDescription = "Dub DUb Grub uses your location to show you where you are in relation to your friends and food.";
				INFOPLIST_KEY_UIApplicationSceneManifest_Generation = YES;
				INFOPLIST_KEY_UIApplicationSupportsIndirectInputEvents = YES;
				INFOPLIST_KEY_UILaunchScreen_Generation = YES;
				INFOPLIST_KEY_UISupportedInterfaceOrientations_iPad = "UIInterfaceOrientationPortrait UIInterfaceOrientationPortraitUpsideDown UIInterfaceOrientationLandscapeLeft UIInterfaceOrientationLandscapeRight";
				INFOPLIST_KEY_UISupportedInterfaceOrientations_iPhone = "UIInterfaceOrientationPortrait UIInterfaceOrientationLandscapeLeft UIInterfaceOrientationLandscapeRight";
				LD_RUNPATH_SEARCH_PATHS = (
					"$(inherited)",
					"@executable_path/Frameworks",
				);
				MARKETING_VERSION = 1.0;
				PRODUCT_BUNDLE_IDENTIFIER = "com.chi-apple.SwiftGrub";
				PRODUCT_NAME = "$(TARGET_NAME)";
				SWIFT_EMIT_LOC_STRINGS = YES;
				SWIFT_VERSION = 5.0;
				TARGETED_DEVICE_FAMILY = "1,2";
			};
			name = Release;
		};
/* End XCBuildConfiguration section */

/* Begin XCConfigurationList section */
		19F94BFC2C58ABA400599F54 /* Build configuration list for PBXProject "SwiftGrub" */ = {
			isa = XCConfigurationList;
			buildConfigurations = (
				19F94C0D2C58ABA500599F54 /* Debug */,
				19F94C0E2C58ABA500599F54 /* Release */,
			);
			defaultConfigurationIsVisible = 0;
			defaultConfigurationName = Release;
		};
		19F94C0F2C58ABA500599F54 /* Build configuration list for PBXNativeTarget "SwiftGrub" */ = {
			isa = XCConfigurationList;
			buildConfigurations = (
				19F94C102C58ABA500599F54 /* Debug */,
				19F94C112C58ABA500599F54 /* Release */,
			);
			defaultConfigurationIsVisible = 0;
			defaultConfigurationName = Release;
		};
/* End XCConfigurationList section */
	};
	rootObject = 19F94BF92C58ABA400599F54 /* Project object */;
}
